
Microsoft Visual Studio Solution File, Format Version 12.00
# Visual Studio Version 17
VisualStudioVersion = 17.4.33205.214
MinimumVisualStudioVersion = 10.0.40219.1
Project("{9A19103F-16F7-4668-BE54-9A1E7A4F7556}") = "UniqueDeviceID", "UniqueDeviceID.csproj", "{76F4D4FC-9987-4EB7-8435-6D605080774F}"
EndProject
Global
	GlobalSection(SolutionConfigurationPlatforms) = preSolution
		Debug|Any CPU = Debug|Any CPU
		Release|Any CPU = Release|Any CPU
	EndGlobalSection
	GlobalSection(ProjectConfigurationPlatforms) = postSolution
		{76F4D4FC-9987-4EB7-8435-6D605080774F}.Debug|Any CPU.ActiveCfg = Debug|Any CPU
		{76F4D4FC-9987-4EB7-8435-6D605080774F}.Debug|Any CPU.Build.0 = Debug|Any CPU
		{76F4D4FC-9987-4EB7-8435-6D605080774F}.Release|Any CPU.ActiveCfg = Release|Any CPU
		{76F4D4FC-9987-4EB7-8435-6D605080774F}.Release|Any CPU.Build.0 = Release|Any CPU
	EndGlobalSection
	GlobalSection(SolutionProperties) = preSolution
		HideSolutionNode = FALSE
	EndGlobalSection
	GlobalSection(ExtensibilityGlobals) = postSolution
		SolutionGuid = {F31D479D-9514-44A7-ACB7-A5FB4BB5644E}
	EndGlobalSection
EndGlobal
